// !$*UTF8*$!
{
	archiveVersion = 1;
	classes = {
	};
	objectVersion = 77;
	objects = {

/* Begin PBXContainerItemProxy section */
		6EEA84D62CE764D300D74555 /* PBXContainerItemProxy */ = {
			isa = PBXContainerItemProxy;
			containerPortal = 6EEA84B72CE764D100D74555 /* Project object */;
			proxyType = 1;
			remoteGlobalIDString = 6EEA84BE2CE764D100D74555;
			remoteInfo = MercadolibreMobileChallenge;
		};
		6EEA84E02CE764D300D74555 /* PBXContainerItemProxy */ = {
			isa = PBXContainerItemProxy;
			containerPortal = 6EEA84B72CE764D100D74555 /* Project object */;
			proxyType = 1;
			remoteGlobalIDString = 6EEA84BE2CE764D100D74555;
			remoteInfo = MercadolibreMobileChallenge;
		};
/* End PBXContainerItemProxy section */

/* Begin PBXFileReference section */
		6EEA84BF2CE764D200D74555 /* MercadolibreMobileChallenge.app */ = {isa = PBXFileReference; explicitFileType = wrapper.application; includeInIndex = 0; path = MercadolibreMobileChallenge.app; sourceTree = BUILT_PRODUCTS_DIR; };
		6EEA84D52CE764D300D74555 /* MercadolibreMobileChallengeTests.xctest */ = {isa = PBXFileReference; explicitFileType = wrapper.cfbundle; includeInIndex = 0; path = MercadolibreMobileChallengeTests.xctest; sourceTree = BUILT_PRODUCTS_DIR; };
		6EEA84DF2CE764D300D74555 /* MercadolibreMobileChallengeUITests.xctest */ = {isa = PBXFileReference; explicitFileType = wrapper.cfbundle; includeInIndex = 0; path = MercadolibreMobileChallengeUITests.xctest; sourceTree = BUILT_PRODUCTS_DIR; };
/* End PBXFileReference section */

/* Begin PBXFileSystemSynchronizedBuildFileExceptionSet section */
		6EEA84E72CE764D300D74555 /* Exceptions for "MercadolibreMobileChallenge" folder in "MercadolibreMobileChallenge" target */ = {
			isa = PBXFileSystemSynchronizedBuildFileExceptionSet;
			membershipExceptions = (
				Info.plist,
			);
			target = 6EEA84BE2CE764D100D74555 /* MercadolibreMobileChallenge */;
		};
/* End PBXFileSystemSynchronizedBuildFileExceptionSet section */

/* Begin PBXFileSystemSynchronizedRootGroup section */
		6EEA84C12CE764D200D74555 /* MercadolibreMobileChallenge */ = {
			isa = PBXFileSystemSynchronizedRootGroup;
			exceptions = (
				6EEA84E72CE764D300D74555 /* Exceptions for "MercadolibreMobileChallenge" folder in "MercadolibreMobileChallenge" target */,
			);
			path = MercadolibreMobileChallenge;
			sourceTree = "<group>";
		};
		6EEA84D82CE764D300D74555 /* MercadolibreMobileChallengeTests */ = {
			isa = PBXFileSystemSynchronizedRootGroup;
			path = MercadolibreMobileChallengeTests;
			sourceTree = "<group>";
		};
		6EEA84E22CE764D300D74555 /* MercadolibreMobileChallengeUITests */ = {
			isa = PBXFileSystemSynchronizedRootGroup;
			path = MercadolibreMobileChallengeUITests;
			sourceTree = "<group>";
		};
/* End PBXFileSystemSynchronizedRootGroup section */

/* Begin PBXFrameworksBuildPhase section */
		6EEA84BC2CE764D100D74555 /* Frameworks */ = {
			isa = PBXFrameworksBuildPhase;
			buildActionMask = 2147483647;
			files = (
			);
			runOnlyForDeploymentPostprocessing = 0;
		};
		6EEA84D22CE764D300D74555 /* Frameworks */ = {
			isa = PBXFrameworksBuildPhase;
			buildActionMask = 2147483647;
			files = (
			);
			runOnlyForDeploymentPostprocessing = 0;
		};
		6EEA84DC2CE764D300D74555 /* Frameworks */ = {
			isa = PBXFrameworksBuildPhase;
			buildActionMask = 2147483647;
			files = (
			);
			runOnlyForDeploymentPostprocessing = 0;
		};
/* End PBXFrameworksBuildPhase section */

/* Begin PBXGroup section */
		6EEA84B62CE764D100D74555 = {
			isa = PBXGroup;
			children = (
				6EEA84C12CE764D200D74555 /* MercadolibreMobileChallenge */,
				6EEA84D82CE764D300D74555 /* MercadolibreMobileChallengeTests */,
				6EEA84E22CE764D300D74555 /* MercadolibreMobileChallengeUITests */,
				6EEA84C02CE764D200D74555 /* Products */,
			);
			sourceTree = "<group>";
		};
		6EEA84C02CE764D200D74555 /* Products */ = {
			isa = PBXGroup;
			children = (
				6EEA84BF2CE764D200D74555 /* MercadolibreMobileChallenge.app */,
				6EEA84D52CE764D300D74555 /* MercadolibreMobileChallengeTests.xctest */,
				6EEA84DF2CE764D300D74555 /* MercadolibreMobileChallengeUITests.xctest */,
			);
			name = Products;
			sourceTree = "<group>";
		};
/* End PBXGroup section */

/* Begin PBXNativeTarget section */
		6EEA84BE2CE764D100D74555 /* MercadolibreMobileChallenge */ = {
			isa = PBXNativeTarget;
			buildConfigurationList = 6EEA84E82CE764D300D74555 /* Build configuration list for PBXNativeTarget "MercadolibreMobileChallenge" */;
			buildPhases = (
				6EEA84BB2CE764D100D74555 /* Sources */,
				6EEA84BC2CE764D100D74555 /* Frameworks */,
				6EEA84BD2CE764D100D74555 /* Resources */,
			);
			buildRules = (
			);
			dependencies = (
			);
			fileSystemSynchronizedGroups = (
				6EEA84C12CE764D200D74555 /* MercadolibreMobileChallenge */,
			);
			name = MercadolibreMobileChallenge;
			packageProductDependencies = (
			);
			productName = MercadolibreMobileChallenge;
			productReference = 6EEA84BF2CE764D200D74555 /* MercadolibreMobileChallenge.app */;
			productType = "com.apple.product-type.application";
		};
		6EEA84D42CE764D300D74555 /* MercadolibreMobileChallengeTests */ = {
			isa = PBXNativeTarget;
			buildConfigurationList = 6EEA84ED2CE764D300D74555 /* Build configuration list for PBXNativeTarget "MercadolibreMobileChallengeTests" */;
			buildPhases = (
				6EEA84D12CE764D300D74555 /* Sources */,
				6EEA84D22CE764D300D74555 /* Frameworks */,
				6EEA84D32CE764D300D74555 /* Resources */,
			);
			buildRules = (
			);
			dependencies = (
				6EEA84D72CE764D300D74555 /* PBXTargetDependency */,
			);
			fileSystemSynchronizedGroups = (
				6EEA84D82CE764D300D74555 /* MercadolibreMobileChallengeTests */,
			);
			name = MercadolibreMobileChallengeTests;
			packageProductDependencies = (
			);
			productName = MercadolibreMobileChallengeTests;
			productReference = 6EEA84D52CE764D300D74555 /* MercadolibreMobileChallengeTests.xctest */;
			productType = "com.apple.product-type.bundle.unit-test";
		};
		6EEA84DE2CE764D300D74555 /* MercadolibreMobileChallengeUITests */ = {
			isa = PBXNativeTarget;
			buildConfigurationList = 6EEA84F02CE764D300D74555 /* Build configuration list for PBXNativeTarget "MercadolibreMobileChallengeUITests" */;
			buildPhases = (
				6EEA84DB2CE764D300D74555 /* Sources */,
				6EEA84DC2CE764D300D74555 /* Frameworks */,
				6EEA84DD2CE764D300D74555 /* Resources */,
			);
			buildRules = (
			);
			dependencies = (
				6EEA84E12CE764D300D74555 /* PBXTargetDependency */,
			);
			fileSystemSynchronizedGroups = (
				6EEA84E22CE764D300D74555 /* MercadolibreMobileChallengeUITests */,
			);
			name = MercadolibreMobileChallengeUITests;
			packageProductDependencies = (
			);
			productName = MercadolibreMobileChallengeUITests;
			productReference = 6EEA84DF2CE764D300D74555 /* MercadolibreMobileChallengeUITests.xctest */;
			productType = "com.apple.product-type.bundle.ui-testing";
		};
/* End PBXNativeTarget section */

/* Begin PBXProject section */
		6EEA84B72CE764D100D74555 /* Project object */ = {
			isa = PBXProject;
			attributes = {
				BuildIndependentTargetsInParallel = 1;
				LastSwiftUpdateCheck = 1610;
				LastUpgradeCheck = 1610;
				TargetAttributes = {
					6EEA84BE2CE764D100D74555 = {
						CreatedOnToolsVersion = 16.1;
					};
					6EEA84D42CE764D300D74555 = {
						CreatedOnToolsVersion = 16.1;
						TestTargetID = 6EEA84BE2CE764D100D74555;
					};
					6EEA84DE2CE764D300D74555 = {
						CreatedOnToolsVersion = 16.1;
						TestTargetID = 6EEA84BE2CE764D100D74555;
					};
				};
			};
			buildConfigurationList = 6EEA84BA2CE764D100D74555 /* Build configuration list for PBXProject "MercadolibreMobileChallenge" */;
			developmentRegion = en;
			hasScannedForEncodings = 0;
			knownRegions = (
				en,
				Base,
			);
			mainGroup = 6EEA84B62CE764D100D74555;
			minimizedProjectReferenceProxies = 1;
			preferredProjectObjectVersion = 77;
			productRefGroup = 6EEA84C02CE764D200D74555 /* Products */;
			projectDirPath = "";
			projectRoot = "";
			targets = (
				6EEA84BE2CE764D100D74555 /* MercadolibreMobileChallenge */,
				6EEA84D42CE764D300D74555 /* MercadolibreMobileChallengeTests */,
				6EEA84DE2CE764D300D74555 /* MercadolibreMobileChallengeUITests */,
			);
		};
/* End PBXProject section */

/* Begin PBXResourcesBuildPhase section */
		6EEA84BD2CE764D100D74555 /* Resources */ = {
			isa = PBXResourcesBuildPhase;
			buildActionMask = 2147483647;
			files = (
			);
			runOnlyForDeploymentPostprocessing = 0;
		};
		6EEA84D32CE764D300D74555 /* Resources */ = {
			isa = PBXResourcesBuildPhase;
			buildActionMask = 2147483647;
			files = (
			);
			runOnlyForDeploymentPostprocessing = 0;
		};
		6EEA84DD2CE764D300D74555 /* Resources */ = {
			isa = PBXResourcesBuildPhase;
			buildActionMask = 2147483647;
			files = (
			);
			runOnlyForDeploymentPostprocessing = 0;
		};
/* End PBXResourcesBuildPhase section */

/* Begin PBXSourcesBuildPhase section */
		6EEA84BB2CE764D100D74555 /* Sources */ = {
			isa = PBXSourcesBuildPhase;
			buildActionMask = 2147483647;
			files = (
			);
			runOnlyForDeploymentPostprocessing = 0;
		};
		6EEA84D12CE764D300D74555 /* Sources */ = {
			isa = PBXSourcesBuildPhase;
			buildActionMask = 2147483647;
			files = (
			);
			runOnlyForDeploymentPostprocessing = 0;
		};
		6EEA84DB2CE764D300D74555 /* Sources */ = {
			isa = PBXSourcesBuildPhase;
			buildActionMask = 2147483647;
			files = (
			);
			runOnlyForDeploymentPostprocessing = 0;
		};
/* End PBXSourcesBuildPhase section */

/* Begin PBXTargetDependency section */
		6EEA84D72CE764D300D74555 /* PBXTargetDependency */ = {
			isa = PBXTargetDependency;
			target = 6EEA84BE2CE764D100D74555 /* MercadolibreMobileChallenge */;
			targetProxy = 6EEA84D62CE764D300D74555 /* PBXContainerItemProxy */;
		};
		6EEA84E12CE764D300D74555 /* PBXTargetDependency */ = {
			isa = PBXTargetDependency;
			target = 6EEA84BE2CE764D100D74555 /* MercadolibreMobileChallenge */;
			targetProxy = 6EEA84E02CE764D300D74555 /* PBXContainerItemProxy */;
		};
/* End PBXTargetDependency section */

/* Begin XCBuildConfiguration section */
		6EEA84E92CE764D300D74555 /* Debug */ = {
			isa = XCBuildConfiguration;
			buildSettings = {
				ASSETCATALOG_COMPILER_APPICON_NAME = AppIcon;
				ASSETCATALOG_COMPILER_GLOBAL_ACCENT_COLOR_NAME = AccentColor;
				CODE_SIGN_STYLE = Automatic;
				CURRENT_PROJECT_VERSION = 1;
				GENERATE_INFOPLIST_FILE = YES;
				INFOPLIST_FILE = MercadolibreMobileChallenge/Info.plist;
				INFOPLIST_KEY_UIApplicationSupportsIndirectInputEvents = YES;
				INFOPLIST_KEY_UILaunchStoryboardName = LaunchScreen;
				INFOPLIST_KEY_UIMainStoryboardFile = "";
				INFOPLIST_KEY_UISupportedInterfaceOrientations_iPad = "UIInterfaceOrientationPortrait UIInterfaceOrientationPortraitUpsideDown UIInterfaceOrientationLandscapeLeft UIInterfaceOrientationLandscapeRight";
				INFOPLIST_KEY_UISupportedInterfaceOrientations_iPhone = "UIInterfaceOrientationPortrait UIInterfaceOrientationLandscapeLeft UIInterfaceOrientationLandscapeRight";
				LD_RUNPATH_SEARCH_PATHS = (
					"$(inherited)",
					"@executable_path/Frameworks",
				);
				MARKETING_VERSION = 1.0;
				PRODUCT_BUNDLE_IDENTIFIER = com.guiramoslou.MercadolibreMobileChallenge;
				PRODUCT_NAME = "$(TARGET_NAME)";
				SWIFT_EMIT_LOC_STRINGS = YES;
				SWIFT_VERSION = 5.0;
				TARGETED_DEVICE_FAMILY = "1,2";
			};
			name = Debug;
		};
		6EEA84EA2CE764D300D74555 /* Release */ = {
			isa = XCBuildConfiguration;
			buildSettings = {
				ASSETCATALOG_COMPILER_APPICON_NAME = AppIcon;
				ASSETCATALOG_COMPILER_GLOBAL_ACCENT_COLOR_NAME = AccentColor;
				CODE_SIGN_STYLE = Automatic;
				CURRENT_PROJECT_VERSION = 1;
				GENERATE_INFOPLIST_FILE = YES;
				INFOPLIST_FILE = MercadolibreMobileChallenge/Info.plist;
				INFOPLIST_KEY_UIApplicationSupportsIndirectInputEvents = YES;
				INFOPLIST_KEY_UILaunchStoryboardName = LaunchScreen;
				INFOPLIST_KEY_UIMainStoryboardFile = "";
				INFOPLIST_KEY_UISupportedInterfaceOrientations_iPad = "UIInterfaceOrientationPortrait UIInterfaceOrientationPortraitUpsideDown UIInterfaceOrientationLandscapeLeft UIInterfaceOrientationLandscapeRight";
				INFOPLIST_KEY_UISupportedInterfaceOrientations_iPhone = "UIInterfaceOrientationPortrait UIInterfaceOrientationLandscapeLeft UIInterfaceOrientationLandscapeRight";
				LD_RUNPATH_SEARCH_PATHS = (
					"$(inherited)",
					"@executable_path/Frameworks",
				);
				MARKETING_VERSION = 1.0;
				PRODUCT_BUNDLE_IDENTIFIER = com.guiramoslou.MercadolibreMobileChallenge;
				PRODUCT_NAME = "$(TARGET_NAME)";
				SWIFT_EMIT_LOC_STRINGS = YES;
				SWIFT_VERSION = 5.0;
				TARGETED_DEVICE_FAMILY = "1,2";
			};
			name = Release;
		};
		6EEA84EB2CE764D300D74555 /* Debug */ = {
			isa = XCBuildConfiguration;
			buildSettings = {
				ALWAYS_SEARCH_USER_PATHS = NO;
				ASSETCATALOG_COMPILER_GENERATE_SWIFT_ASSET_SYMBOL_EXTENSIONS = YES;
				CLANG_ANALYZER_NONNULL = YES;
				CLANG_ANALYZER_NUMBER_OBJECT_CONVERSION = YES_AGGRESSIVE;
				CLANG_CXX_LANGUAGE_STANDARD = "gnu++20";
				CLANG_ENABLE_MODULES = YES;
				CLANG_ENABLE_OBJC_ARC = YES;
				CLANG_ENABLE_OBJC_WEAK = YES;
				CLANG_WARN_BLOCK_CAPTURE_AUTORELEASING = YES;
				CLANG_WARN_BOOL_CONVERSION = YES;
				CLANG_WARN_COMMA = YES;
				CLANG_WARN_CONSTANT_CONVERSION = YES;
				CLANG_WARN_DEPRECATED_OBJC_IMPLEMENTATIONS = YES;
				CLANG_WARN_DIRECT_OBJC_ISA_USAGE = YES_ERROR;
				CLANG_WARN_DOCUMENTATION_COMMENTS = YES;
				CLANG_WARN_EMPTY_BODY = YES;
				CLANG_WARN_ENUM_CONVERSION = YES;
				CLANG_WARN_INFINITE_RECURSION = YES;
				CLANG_WARN_INT_CONVERSION = YES;
				CLANG_WARN_NON_LITERAL_NULL_CONVERSION = YES;
				CLANG_WARN_OBJC_IMPLICIT_RETAIN_SELF = YES;
				CLANG_WARN_OBJC_LITERAL_CONVERSION = YES;
				CLANG_WARN_OBJC_ROOT_CLASS = YES_ERROR;
				CLANG_WARN_QUOTED_INCLUDE_IN_FRAMEWORK_HEADER = YES;
				CLANG_WARN_RANGE_LOOP_ANALYSIS = YES;
				CLANG_WARN_STRICT_PROTOTYPES = YES;
				CLANG_WARN_SUSPICIOUS_MOVE = YES;
				CLANG_WARN_UNGUARDED_AVAILABILITY = YES_AGGRESSIVE;
				CLANG_WARN_UNREACHABLE_CODE = YES;
				CLANG_WARN__DUPLICATE_METHOD_MATCH = YES;
				COPY_PHASE_STRIP = NO;
				DEBUG_INFORMATION_FORMAT = dwarf;
				ENABLE_STRICT_OBJC_MSGSEND = YES;
				ENABLE_TESTABILITY = YES;
				ENABLE_USER_SCRIPT_SANDBOXING = YES;
				GCC_C_LANGUAGE_STANDARD = gnu17;
				GCC_DYNAMIC_NO_PIC = NO;
				GCC_NO_COMMON_BLOCKS = YES;
				GCC_OPTIMIZATION_LEVEL = 0;
				GCC_PREPROCESSOR_DEFINITIONS = (
					"DEBUG=1",
					"$(inherited)",
				);
				GCC_WARN_64_TO_32_BIT_CONVERSION = YES;
				GCC_WARN_ABOUT_RETURN_TYPE = YES_ERROR;
				GCC_WARN_UNDECLARED_SELECTOR = YES;
				GCC_WARN_UNINITIALIZED_AUTOS = YES_AGGRESSIVE;
				GCC_WARN_UNUSED_FUNCTION = YES;
				GCC_WARN_UNUSED_VARIABLE = YES;
				IPHONEOS_DEPLOYMENT_TARGET = 18.1;
				LOCALIZATION_PREFERS_STRING_CATALOGS = YES;
				MTL_ENABLE_DEBUG_INFO = INCLUDE_SOURCE;
				MTL_FAST_MATH = YES;
				ONLY_ACTIVE_ARCH = YES;
				SDKROOT = iphoneos;
				SWIFT_ACTIVE_COMPILATION_CONDITIONS = "DEBUG $(inherited)";
				SWIFT_OPTIMIZATION_LEVEL = "-Onone";
			};
			name = Debug;
		};
		6EEA84EC2CE764D300D74555 /* Release */ = {
			isa = XCBuildConfiguration;
			buildSettings = {
				ALWAYS_SEARCH_USER_PATHS = NO;
				ASSETCATALOG_COMPILER_GENERATE_SWIFT_ASSET_SYMBOL_EXTENSIONS = YES;
				CLANG_ANALYZER_NONNULL = YES;
				CLANG_ANALYZER_NUMBER_OBJECT_CONVERSION = YES_AGGRESSIVE;
				CLANG_CXX_LANGUAGE_STANDARD = "gnu++20";
				CLANG_ENABLE_MODULES = YES;
				CLANG_ENABLE_OBJC_ARC = YES;
				CLANG_ENABLE_OBJC_WEAK = YES;
				CLANG_WARN_BLOCK_CAPTURE_AUTORELEASING = YES;
				CLANG_WARN_BOOL_CONVERSION = YES;
				CLANG_WARN_COMMA = YES;
				CLANG_WARN_CONSTANT_CONVERSION = YES;
				CLANG_WARN_DEPRECATED_OBJC_IMPLEMENTATIONS = YES;
				CLANG_WARN_DIRECT_OBJC_ISA_USAGE = YES_ERROR;
				CLANG_WARN_DOCUMENTATION_COMMENTS = YES;
				CLANG_WARN_EMPTY_BODY = YES;
				CLANG_WARN_ENUM_CONVERSION = YES;
				CLANG_WARN_INFINITE_RECURSION = YES;
				CLANG_WARN_INT_CONVERSION = YES;
				CLANG_WARN_NON_LITERAL_NULL_CONVERSION = YES;
				CLANG_WARN_OBJC_IMPLICIT_RETAIN_SELF = YES;
				CLANG_WARN_OBJC_LITERAL_CONVERSION = YES;
				CLANG_WARN_OBJC_ROOT_CLASS = YES_ERROR;
				CLANG_WARN_QUOTED_INCLUDE_IN_FRAMEWORK_HEADER = YES;
				CLANG_WARN_RANGE_LOOP_ANALYSIS = YES;
				CLANG_WARN_STRICT_PROTOTYPES = YES;
				CLANG_WARN_SUSPICIOUS_MOVE = YES;
				CLANG_WARN_UNGUARDED_AVAILABILITY = YES_AGGRESSIVE;
				CLANG_WARN_UNREACHABLE_CODE = YES;
				CLANG_WARN__DUPLICATE_METHOD_MATCH = YES;
				COPY_PHASE_STRIP = NO;
				DEBUG_INFORMATION_FORMAT = "dwarf-with-dsym";
				ENABLE_NS_ASSERTIONS = NO;
				ENABLE_STRICT_OBJC_MSGSEND = YES;
				ENABLE_USER_SCRIPT_SANDBOXING = YES;
				GCC_C_LANGUAGE_STANDARD = gnu17;
				GCC_NO_COMMON_BLOCKS = YES;
				GCC_WARN_64_TO_32_BIT_CONVERSION = YES;
				GCC_WARN_ABOUT_RETURN_TYPE = YES_ERROR;
				GCC_WARN_UNDECLARED_SELECTOR = YES;
				GCC_WARN_UNINITIALIZED_AUTOS = YES_AGGRESSIVE;
				GCC_WARN_UNUSED_FUNCTION = YES;
				GCC_WARN_UNUSED_VARIABLE = YES;
				IPHONEOS_DEPLOYMENT_TARGET = 18.1;
				LOCALIZATION_PREFERS_STRING_CATALOGS = YES;
				MTL_ENABLE_DEBUG_INFO = NO;
				MTL_FAST_MATH = YES;
				SDKROOT = iphoneos;
				SWIFT_COMPILATION_MODE = wholemodule;
				VALIDATE_PRODUCT = YES;
			};
			name = Release;
		};
		6EEA84EE2CE764D300D74555 /* Debug */ = {
			isa = XCBuildConfiguration;
			buildSettings = {
				BUNDLE_LOADER = "$(TEST_HOST)";
				CODE_SIGN_STYLE = Automatic;
				CURRENT_PROJECT_VERSION = 1;
				GENERATE_INFOPLIST_FILE = YES;
				IPHONEOS_DEPLOYMENT_TARGET = 18.1;
				MARKETING_VERSION = 1.0;
				PRODUCT_BUNDLE_IDENTIFIER = com.guiramoslou.MercadolibreMobileChallengeTests;
				PRODUCT_NAME = "$(TARGET_NAME)";
				SWIFT_EMIT_LOC_STRINGS = NO;
				SWIFT_VERSION = 5.0;
				TARGETED_DEVICE_FAMILY = "1,2";
				TEST_HOST = "$(BUILT_PRODUCTS_DIR)/MercadolibreMobileChallenge.app/$(BUNDLE_EXECUTABLE_FOLDER_PATH)/MercadolibreMobileChallenge";
			};
			name = Debug;
		};
		6EEA84EF2CE764D300D74555 /* Release */ = {
			isa = XCBuildConfiguration;
			buildSettings = {
				BUNDLE_LOADER = "$(TEST_HOST)";
				CODE_SIGN_STYLE = Automatic;
				CURRENT_PROJECT_VERSION = 1;
				GENERATE_INFOPLIST_FILE = YES;
				IPHONEOS_DEPLOYMENT_TARGET = 18.1;
				MARKETING_VERSION = 1.0;
				PRODUCT_BUNDLE_IDENTIFIER = com.guiramoslou.MercadolibreMobileChallengeTests;
				PRODUCT_NAME = "$(TARGET_NAME)";
				SWIFT_EMIT_LOC_STRINGS = NO;
				SWIFT_VERSION = 5.0;
				TARGETED_DEVICE_FAMILY = "1,2";
				TEST_HOST = "$(BUILT_PRODUCTS_DIR)/MercadolibreMobileChallenge.app/$(BUNDLE_EXECUTABLE_FOLDER_PATH)/MercadolibreMobileChallenge";
			};
			name = Release;
		};
		6EEA84F12CE764D300D74555 /* Debug */ = {
			isa = XCBuildConfiguration;
			buildSettings = {
				CODE_SIGN_STYLE = Automatic;
				CURRENT_PROJECT_VERSION = 1;
				GENERATE_INFOPLIST_FILE = YES;
				MARKETING_VERSION = 1.0;
				PRODUCT_BUNDLE_IDENTIFIER = com.guiramoslou.MercadolibreMobileChallengeUITests;
				PRODUCT_NAME = "$(TARGET_NAME)";
				SWIFT_EMIT_LOC_STRINGS = NO;
				SWIFT_VERSION = 5.0;
				TARGETED_DEVICE_FAMILY = "1,2";
				TEST_TARGET_NAME = MercadolibreMobileChallenge;
			};
			name = Debug;
		};
		6EEA84F22CE764D300D74555 /* Release */ = {
			isa = XCBuildConfiguration;
			buildSettings = {
				CODE_SIGN_STYLE = Automatic;
				CURRENT_PROJECT_VERSION = 1;
				GENERATE_INFOPLIST_FILE = YES;
				MARKETING_VERSION = 1.0;
				PRODUCT_BUNDLE_IDENTIFIER = com.guiramoslou.MercadolibreMobileChallengeUITests;
				PRODUCT_NAME = "$(TARGET_NAME)";
				SWIFT_EMIT_LOC_STRINGS = NO;
				SWIFT_VERSION = 5.0;
				TARGETED_DEVICE_FAMILY = "1,2";
				TEST_TARGET_NAME = MercadolibreMobileChallenge;
			};
			name = Release;
		};
/* End XCBuildConfiguration section */

/* Begin XCConfigurationList section */
		6EEA84BA2CE764D100D74555 /* Build configuration list for PBXProject "MercadolibreMobileChallenge" */ = {
			isa = XCConfigurationList;
			buildConfigurations = (
				6EEA84EB2CE764D300D74555 /* Debug */,
				6EEA84EC2CE764D300D74555 /* Release */,
			);
			defaultConfigurationIsVisible = 0;
			defaultConfigurationName = Release;
		};
		6EEA84E82CE764D300D74555 /* Build configuration list for PBXNativeTarget "MercadolibreMobileChallenge" */ = {
			isa = XCConfigurationList;
			buildConfigurations = (
				6EEA84E92CE764D300D74555 /* Debug */,
				6EEA84EA2CE764D300D74555 /* Release */,
			);
			defaultConfigurationIsVisible = 0;
			defaultConfigurationName = Release;
		};
		6EEA84ED2CE764D300D74555 /* Build configuration list for PBXNativeTarget "MercadolibreMobileChallengeTests" */ = {
			isa = XCConfigurationList;
			buildConfigurations = (
				6EEA84EE2CE764D300D74555 /* Debug */,
				6EEA84EF2CE764D300D74555 /* Release */,
			);
			defaultConfigurationIsVisible = 0;
			defaultConfigurationName = Release;
		};
		6EEA84F02CE764D300D74555 /* Build configuration list for PBXNativeTarget "MercadolibreMobileChallengeUITests" */ = {
			isa = XCConfigurationList;
			buildConfigurations = (
				6EEA84F12CE764D300D74555 /* Debug */,
				6EEA84F22CE764D300D74555 /* Release */,
			);
			defaultConfigurationIsVisible = 0;
			defaultConfigurationName = Release;
		};
/* End XCConfigurationList section */
	};
	rootObject = 6EEA84B72CE764D100D74555 /* Project object */;
}
